// !$*UTF8*$!
{
	archiveVersion = 1;
	classes = {
	};
	objectVersion = 56;
	objects = {

/* Begin PBXBuildFile section */
		67C2738F2A3C4FA5006AF317 /* AppDelegate.swift in Sources */ = {isa = PBXBuildFile; fileRef = 67C2738E2A3C4FA5006AF317 /* AppDelegate.swift */; };
		67C273912A3C4FA5006AF317 /* SceneDelegate.swift in Sources */ = {isa = PBXBuildFile; fileRef = 67C273902A3C4FA5006AF317 /* SceneDelegate.swift */; };
		67C273932A3C4FA5006AF317 /* ViewController.swift in Sources */ = {isa = PBXBuildFile; fileRef = 67C273922A3C4FA5006AF317 /* ViewController.swift */; };
		67C273962A3C4FA5006AF317 /* Main.storyboard in Resources */ = {isa = PBXBuildFile; fileRef = 67C273942A3C4FA5006AF317 /* Main.storyboard */; };
		67C273982A3C4FA6006AF317 /* Assets.xcassets in Resources */ = {isa = PBXBuildFile; fileRef = 67C273972A3C4FA6006AF317 /* Assets.xcassets */; };
		67C2739B2A3C4FA6006AF317 /* LaunchScreen.storyboard in Resources */ = {isa = PBXBuildFile; fileRef = 67C273992A3C4FA6006AF317 /* LaunchScreen.storyboard */; };
		67C273AD2A3C5CDC006AF317 /* ListMenu in Frameworks */ = {isa = PBXBuildFile; productRef = 67C273AC2A3C5CDC006AF317 /* ListMenu */; };
/* End PBXBuildFile section */

/* Begin PBXFileReference section */
		67C2738B2A3C4FA5006AF317 /* ListMenuExample.app */ = {isa = PBXFileReference; explicitFileType = wrapper.application; includeInIndex = 0; path = ListMenuExample.app; sourceTree = BUILT_PRODUCTS_DIR; };
		67C2738E2A3C4FA5006AF317 /* AppDelegate.swift */ = {isa = PBXFileReference; lastKnownFileType = sourcecode.swift; path = AppDelegate.swift; sourceTree = "<group>"; };
		67C273902A3C4FA5006AF317 /* SceneDelegate.swift */ = {isa = PBXFileReference; lastKnownFileType = sourcecode.swift; path = SceneDelegate.swift; sourceTree = "<group>"; };
		67C273922A3C4FA5006AF317 /* ViewController.swift */ = {isa = PBXFileReference; lastKnownFileType = sourcecode.swift; path = ViewController.swift; sourceTree = "<group>"; };
		67C273952A3C4FA5006AF317 /* Base */ = {isa = PBXFileReference; lastKnownFileType = file.storyboard; name = Base; path = Base.lproj/Main.storyboard; sourceTree = "<group>"; };
		67C273972A3C4FA6006AF317 /* Assets.xcassets */ = {isa = PBXFileReference; lastKnownFileType = folder.assetcatalog; path = Assets.xcassets; sourceTree = "<group>"; };
		67C2739A2A3C4FA6006AF317 /* Base */ = {isa = PBXFileReference; lastKnownFileType = file.storyboard; name = Base; path = Base.lproj/LaunchScreen.storyboard; sourceTree = "<group>"; };
		67C2739C2A3C4FA6006AF317 /* Info.plist */ = {isa = PBXFileReference; lastKnownFileType = text.plist.xml; path = Info.plist; sourceTree = "<group>"; };
		67C273AA2A3C5CBC006AF317 /* ListMenu */ = {isa = PBXFileReference; lastKnownFileType = wrapper; name = ListMenu; path = ..; sourceTree = "<group>"; };
/* End PBXFileReference section */

/* Begin PBXFrameworksBuildPhase section */
		67C273882A3C4FA5006AF317 /* Frameworks */ = {
			isa = PBXFrameworksBuildPhase;
			buildActionMask = 2147483647;
			files = (
				67C273AD2A3C5CDC006AF317 /* ListMenu in Frameworks */,
			);
			runOnlyForDeploymentPostprocessing = 0;
		};
/* End PBXFrameworksBuildPhase section */

/* Begin PBXGroup section */
		67C273822A3C4FA5006AF317 = {
			isa = PBXGroup;
			children = (
				67C273A92A3C5CBC006AF317 /* Packages */,
				67C2738D2A3C4FA5006AF317 /* ListMenuExample */,
				67C2738C2A3C4FA5006AF317 /* Products */,
				67C273AB2A3C5CDC006AF317 /* Frameworks */,
			);
			sourceTree = "<group>";
		};
		67C2738C2A3C4FA5006AF317 /* Products */ = {
			isa = PBXGroup;
			children = (
				67C2738B2A3C4FA5006AF317 /* ListMenuExample.app */,
			);
			name = Products;
			sourceTree = "<group>";
		};
		67C2738D2A3C4FA5006AF317 /* ListMenuExample */ = {
			isa = PBXGroup;
			children = (
				67C2738E2A3C4FA5006AF317 /* AppDelegate.swift */,
				67C273902A3C4FA5006AF317 /* SceneDelegate.swift */,
				67C273922A3C4FA5006AF317 /* ViewController.swift */,
				67C273942A3C4FA5006AF317 /* Main.storyboard */,
				67C273972A3C4FA6006AF317 /* Assets.xcassets */,
				67C273992A3C4FA6006AF317 /* LaunchScreen.storyboard */,
				67C2739C2A3C4FA6006AF317 /* Info.plist */,
			);
			path = ListMenuExample;
			sourceTree = "<group>";
		};
		67C273A92A3C5CBC006AF317 /* Packages */ = {
			isa = PBXGroup;
			children = (
				67C273AA2A3C5CBC006AF317 /* ListMenu */,
			);
			name = Packages;
			sourceTree = "<group>";
		};
		67C273AB2A3C5CDC006AF317 /* Frameworks */ = {
			isa = PBXGroup;
			children = (
			);
			name = Frameworks;
			sourceTree = "<group>";
		};
/* End PBXGroup section */

/* Begin PBXNativeTarget section */
		67C2738A2A3C4FA5006AF317 /* ListMenuExample */ = {
			isa = PBXNativeTarget;
			buildConfigurationList = 67C2739F2A3C4FA6006AF317 /* Build configuration list for PBXNativeTarget "ListMenuExample" */;
			buildPhases = (
				67C273872A3C4FA5006AF317 /* Sources */,
				67C273882A3C4FA5006AF317 /* Frameworks */,
				67C273892A3C4FA5006AF317 /* Resources */,
			);
			buildRules = (
			);
			dependencies = (
			);
			name = ListMenuExample;
			packageProductDependencies = (
				67C273AC2A3C5CDC006AF317 /* ListMenu */,
			);
			productName = ListMenuExample;
			productReference = 67C2738B2A3C4FA5006AF317 /* ListMenuExample.app */;
			productType = "com.apple.product-type.application";
		};
/* End PBXNativeTarget section */

/* Begin PBXProject section */
		67C273832A3C4FA5006AF317 /* Project object */ = {
			isa = PBXProject;
			attributes = {
				BuildIndependentTargetsInParallel = 1;
				LastSwiftUpdateCheck = 1430;
				LastUpgradeCheck = 1430;
				TargetAttributes = {
					67C2738A2A3C4FA5006AF317 = {
						CreatedOnToolsVersion = 14.3;
					};
				};
			};
			buildConfigurationList = 67C273862A3C4FA5006AF317 /* Build configuration list for PBXProject "ListMenuExample" */;
			compatibilityVersion = "Xcode 14.0";
			developmentRegion = en;
			hasScannedForEncodings = 0;
			knownRegions = (
				en,
				Base,
			);
			mainGroup = 67C273822A3C4FA5006AF317;
			productRefGroup = 67C2738C2A3C4FA5006AF317 /* Products */;
			projectDirPath = "";
			projectRoot = "";
			targets = (
				67C2738A2A3C4FA5006AF317 /* ListMenuExample */,
			);
		};
/* End PBXProject section */

/* Begin PBXResourcesBuildPhase section */
		67C273892A3C4FA5006AF317 /* Resources */ = {
			isa = PBXResourcesBuildPhase;
			buildActionMask = 2147483647;
			files = (
				67C2739B2A3C4FA6006AF317 /* LaunchScreen.storyboard in Resources */,
				67C273982A3C4FA6006AF317 /* Assets.xcassets in Resources */,
				67C273962A3C4FA5006AF317 /* Main.storyboard in Resources */,
			);
			runOnlyForDeploymentPostprocessing = 0;
		};
/* End PBXResourcesBuildPhase section */

/* Begin PBXSourcesBuildPhase section */
		67C273872A3C4FA5006AF317 /* Sources */ = {
			isa = PBXSourcesBuildPhase;
			buildActionMask = 2147483647;
			files = (
				67C273932A3C4FA5006AF317 /* ViewController.swift in Sources */,
				67C2738F2A3C4FA5006AF317 /* AppDelegate.swift in Sources */,
				67C273912A3C4FA5006AF317 /* SceneDelegate.swift in Sources */,
			);
			runOnlyForDeploymentPostprocessing = 0;
		};
/* End PBXSourcesBuildPhase section */

/* Begin PBXVariantGroup section */
		67C273942A3C4FA5006AF317 /* Main.storyboard */ = {
			isa = PBXVariantGroup;
			children = (
				67C273952A3C4FA5006AF317 /* Base */,
			);
			name = Main.storyboard;
			sourceTree = "<group>";
		};
		67C273992A3C4FA6006AF317 /* LaunchScreen.storyboard */ = {
			isa = PBXVariantGroup;
			children = (
				67C2739A2A3C4FA6006AF317 /* Base */,
			);
			name = LaunchScreen.storyboard;
			sourceTree = "<group>";
		};
/* End PBXVariantGroup section */

/* Begin XCBuildConfiguration section */
		67C2739D2A3C4FA6006AF317 /* Debug */ = {
			isa = XCBuildConfiguration;
			buildSettings = {
				ALWAYS_SEARCH_USER_PATHS = NO;
				CLANG_ANALYZER_NONNULL = YES;
				CLANG_ANALYZER_NUMBER_OBJECT_CONVERSION = YES_AGGRESSIVE;
				CLANG_CXX_LANGUAGE_STANDARD = "gnu++20";
				CLANG_ENABLE_MODULES = YES;
				CLANG_ENABLE_OBJC_ARC = YES;
				CLANG_ENABLE_OBJC_WEAK = YES;
				CLANG_WARN_BLOCK_CAPTURE_AUTORELEASING = YES;
				CLANG_WARN_BOOL_CONVERSION = YES;
				CLANG_WARN_COMMA = YES;
				CLANG_WARN_CONSTANT_CONVERSION = YES;
				CLANG_WARN_DEPRECATED_OBJC_IMPLEMENTATIONS = YES;
				CLANG_WARN_DIRECT_OBJC_ISA_USAGE = YES_ERROR;
				CLANG_WARN_DOCUMENTATION_COMMENTS = YES;
				CLANG_WARN_EMPTY_BODY = YES;
				CLANG_WARN_ENUM_CONVERSION = YES;
				CLANG_WARN_INFINITE_RECURSION = YES;
				CLANG_WARN_INT_CONVERSION = YES;
				CLANG_WARN_NON_LITERAL_NULL_CONVERSION = YES;
				CLANG_WARN_OBJC_IMPLICIT_RETAIN_SELF = YES;
				CLANG_WARN_OBJC_LITERAL_CONVERSION = YES;
				CLANG_WARN_OBJC_ROOT_CLASS = YES_ERROR;
				CLANG_WARN_QUOTED_INCLUDE_IN_FRAMEWORK_HEADER = YES;
				CLANG_WARN_RANGE_LOOP_ANALYSIS = YES;
				CLANG_WARN_STRICT_PROTOTYPES = YES;
				CLANG_WARN_SUSPICIOUS_MOVE = YES;
				CLANG_WARN_UNGUARDED_AVAILABILITY = YES_AGGRESSIVE;
				CLANG_WARN_UNREACHABLE_CODE = YES;
				CLANG_WARN__DUPLICATE_METHOD_MATCH = YES;
				COPY_PHASE_STRIP = NO;
				DEBUG_INFORMATION_FORMAT = dwarf;
				ENABLE_STRICT_OBJC_MSGSEND = YES;
				ENABLE_TESTABILITY = YES;
				GCC_C_LANGUAGE_STANDARD = gnu11;
				GCC_DYNAMIC_NO_PIC = NO;
				GCC_NO_COMMON_BLOCKS = YES;
				GCC_OPTIMIZATION_LEVEL = 0;
				GCC_PREPROCESSOR_DEFINITIONS = (
					"DEBUG=1",
					"$(inherited)",
				);
				GCC_WARN_64_TO_32_BIT_CONVERSION = YES;
				GCC_WARN_ABOUT_RETURN_TYPE = YES_ERROR;
				GCC_WARN_UNDECLARED_SELECTOR = YES;
				GCC_WARN_UNINITIALIZED_AUTOS = YES_AGGRESSIVE;
				GCC_WARN_UNUSED_FUNCTION = YES;
				GCC_WARN_UNUSED_VARIABLE = YES;
				IPHONEOS_DEPLOYMENT_TARGET = 13.0;
				MTL_ENABLE_DEBUG_INFO = INCLUDE_SOURCE;
				MTL_FAST_MATH = YES;
				ONLY_ACTIVE_ARCH = YES;
				SDKROOT = iphoneos;
				SWIFT_ACTIVE_COMPILATION_CONDITIONS = DEBUG;
				SWIFT_OPTIMIZATION_LEVEL = "-Onone";
			};
			name = Debug;
		};
		67C2739E2A3C4FA6006AF317 /* Release */ = {
			isa = XCBuildConfiguration;
			buildSettings = {
				ALWAYS_SEARCH_USER_PATHS = NO;
				CLANG_ANALYZER_NONNULL = YES;
				CLANG_ANALYZER_NUMBER_OBJECT_CONVERSION = YES_AGGRESSIVE;
				CLANG_CXX_LANGUAGE_STANDARD = "gnu++20";
				CLANG_ENABLE_MODULES = YES;
				CLANG_ENABLE_OBJC_ARC = YES;
				CLANG_ENABLE_OBJC_WEAK = YES;
				CLANG_WARN_BLOCK_CAPTURE_AUTORELEASING = YES;
				CLANG_WARN_BOOL_CONVERSION = YES;
				CLANG_WARN_COMMA = YES;
				CLANG_WARN_CONSTANT_CONVERSION = YES;
				CLANG_WARN_DEPRECATED_OBJC_IMPLEMENTATIONS = YES;
				CLANG_WARN_DIRECT_OBJC_ISA_USAGE = YES_ERROR;
				CLANG_WARN_DOCUMENTATION_COMMENTS = YES;
				CLANG_WARN_EMPTY_BODY = YES;
				CLANG_WARN_ENUM_CONVERSION = YES;
				CLANG_WARN_INFINITE_RECURSION = YES;
				CLANG_WARN_INT_CONVERSION = YES;
				CLANG_WARN_NON_LITERAL_NULL_CONVERSION = YES;
				CLANG_WARN_OBJC_IMPLICIT_RETAIN_SELF = YES;
				CLANG_WARN_OBJC_LITERAL_CONVERSION = YES;
				CLANG_WARN_OBJC_ROOT_CLASS = YES_ERROR;
				CLANG_WARN_QUOTED_INCLUDE_IN_FRAMEWORK_HEADER = YES;
				CLANG_WARN_RANGE_LOOP_ANALYSIS = YES;
				CLANG_WARN_STRICT_PROTOTYPES = YES;
				CLANG_WARN_SUSPICIOUS_MOVE = YES;
				CLANG_WARN_UNGUARDED_AVAILABILITY = YES_AGGRESSIVE;
				CLANG_WARN_UNREACHABLE_CODE = YES;
				CLANG_WARN__DUPLICATE_METHOD_MATCH = YES;
				COPY_PHASE_STRIP = NO;
				DEBUG_INFORMATION_FORMAT = "dwarf-with-dsym";
				ENABLE_NS_ASSERTIONS = NO;
				ENABLE_STRICT_OBJC_MSGSEND = YES;
				GCC_C_LANGUAGE_STANDARD = gnu11;
				GCC_NO_COMMON_BLOCKS = YES;
				GCC_WARN_64_TO_32_BIT_CONVERSION = YES;
				GCC_WARN_ABOUT_RETURN_TYPE = YES_ERROR;
				GCC_WARN_UNDECLARED_SELECTOR = YES;
				GCC_WARN_UNINITIALIZED_AUTOS = YES_AGGRESSIVE;
				GCC_WARN_UNUSED_FUNCTION = YES;
				GCC_WARN_UNUSED_VARIABLE = YES;
				IPHONEOS_DEPLOYMENT_TARGET = 13.0;
				MTL_ENABLE_DEBUG_INFO = NO;
				MTL_FAST_MATH = YES;
				SDKROOT = iphoneos;
				SWIFT_COMPILATION_MODE = wholemodule;
				SWIFT_OPTIMIZATION_LEVEL = "-O";
				VALIDATE_PRODUCT = YES;
			};
			name = Release;
		};
		67C273A02A3C4FA6006AF317 /* Debug */ = {
			isa = XCBuildConfiguration;
			buildSettings = {
				ASSETCATALOG_COMPILER_APPICON_NAME = AppIcon;
				ASSETCATALOG_COMPILER_GLOBAL_ACCENT_COLOR_NAME = AccentColor;
				CODE_SIGN_STYLE = Automatic;
				CURRENT_PROJECT_VERSION = 1;
				GENERATE_INFOPLIST_FILE = YES;
				INFOPLIST_FILE = ListMenuExample/Info.plist;
				INFOPLIST_KEY_UIApplicationSupportsIndirectInputEvents = YES;
				INFOPLIST_KEY_UILaunchStoryboardName = LaunchScreen;
				INFOPLIST_KEY_UIMainStoryboardFile = Main;
				INFOPLIST_KEY_UISupportedInterfaceOrientations_iPad = "UIInterfaceOrientationPortrait UIInterfaceOrientationPortraitUpsideDown UIInterfaceOrientationLandscapeLeft UIInterfaceOrientationLandscapeRight";
				INFOPLIST_KEY_UISupportedInterfaceOrientations_iPhone = "UIInterfaceOrientationPortrait UIInterfaceOrientationLandscapeLeft UIInterfaceOrientationLandscapeRight";
				IPHONEOS_DEPLOYMENT_TARGET = 13.0;
				LD_RUNPATH_SEARCH_PATHS = (
					"$(inherited)",
					"@executable_path/Frameworks",
				);
				MARKETING_VERSION = 1.0;
				PRODUCT_BUNDLE_IDENTIFIER = com.dr.ListMenuExample;
				PRODUCT_NAME = "$(TARGET_NAME)";
				SUPPORTED_PLATFORMS = "iphoneos iphonesimulator";
				SUPPORTS_MACCATALYST = NO;
				SUPPORTS_MAC_DESIGNED_FOR_IPHONE_IPAD = NO;
				SWIFT_EMIT_LOC_STRINGS = YES;
				SWIFT_VERSION = 5.0;
				TARGETED_DEVICE_FAMILY = 1;
			};
			name = Debug;
		};
		67C273A12A3C4FA6006AF317 /* Release */ = {
			isa = XCBuildConfiguration;
			buildSettings = {
				ASSETCATALOG_COMPILER_APPICON_NAME = AppIcon;
				ASSETCATALOG_COMPILER_GLOBAL_ACCENT_COLOR_NAME = AccentColor;
				CODE_SIGN_STYLE = Automatic;
				CURRENT_PROJECT_VERSION = 1;
				GENERATE_INFOPLIST_FILE = YES;
				INFOPLIST_FILE = ListMenuExample/Info.plist;
				INFOPLIST_KEY_UIApplicationSupportsIndirectInputEvents = YES;
				INFOPLIST_KEY_UILaunchStoryboardName = LaunchScreen;
				INFOPLIST_KEY_UIMainStoryboardFile = Main;
				INFOPLIST_KEY_UISupportedInterfaceOrientations_iPad = "UIInterfaceOrientationPortrait UIInterfaceOrientationPortraitUpsideDown UIInterfaceOrientationLandscapeLeft UIInterfaceOrientationLandscapeRight";
				INFOPLIST_KEY_UISupportedInterfaceOrientations_iPhone = "UIInterfaceOrientationPortrait UIInterfaceOrientationLandscapeLeft UIInterfaceOrientationLandscapeRight";
				IPHONEOS_DEPLOYMENT_TARGET = 13.0;
				LD_RUNPATH_SEARCH_PATHS = (
					"$(inherited)",
					"@executable_path/Frameworks",
				);
				MARKETING_VERSION = 1.0;
				PRODUCT_BUNDLE_IDENTIFIER = com.dr.ListMenuExample;
				PRODUCT_NAME = "$(TARGET_NAME)";
				SUPPORTED_PLATFORMS = "iphoneos iphonesimulator";
				SUPPORTS_MACCATALYST = NO;
				SUPPORTS_MAC_DESIGNED_FOR_IPHONE_IPAD = NO;
				SWIFT_EMIT_LOC_STRINGS = YES;
				SWIFT_VERSION = 5.0;
				TARGETED_DEVICE_FAMILY = 1;
			};
			name = Release;
		};
/* End XCBuildConfiguration section */

/* Begin XCConfigurationList section */
		67C273862A3C4FA5006AF317 /* Build configuration list for PBXProject "ListMenuExample" */ = {
			isa = XCConfigurationList;
			buildConfigurations = (
				67C2739D2A3C4FA6006AF317 /* Debug */,
				67C2739E2A3C4FA6006AF317 /* Release */,
			);
			defaultConfigurationIsVisible = 0;
			defaultConfigurationName = Release;
		};
		67C2739F2A3C4FA6006AF317 /* Build configuration list for PBXNativeTarget "ListMenuExample" */ = {
			isa = XCConfigurationList;
			buildConfigurations = (
				67C273A02A3C4FA6006AF317 /* Debug */,
				67C273A12A3C4FA6006AF317 /* Release */,
			);
			defaultConfigurationIsVisible = 0;
			defaultConfigurationName = Release;
		};
/* End XCConfigurationList section */

/* Begin XCSwiftPackageProductDependency section */
		67C273AC2A3C5CDC006AF317 /* ListMenu */ = {
			isa = XCSwiftPackageProductDependency;
			productName = ListMenu;
		};
/* End XCSwiftPackageProductDependency section */
	};
	rootObject = 67C273832A3C4FA5006AF317 /* Project object */;
}
